// !$*UTF8*$!
{
	archiveVersion = 1;
	classes = {
	};
	objectVersion = 50;
	objects = {

/* Begin PBXBuildFile section */
		F02D8FBD2420FB40005DECD6 /* AppDelegate.swift in Sources */ = {isa = PBXBuildFile; fileRef = F02D8FBC2420FB40005DECD6 /* AppDelegate.swift */; };
		F02D8FBF2420FB40005DECD6 /* SceneDelegate.swift in Sources */ = {isa = PBXBuildFile; fileRef = F02D8FBE2420FB40005DECD6 /* SceneDelegate.swift */; };
		F02D8FC62420FB43005DECD6 /* Assets.xcassets in Resources */ = {isa = PBXBuildFile; fileRef = F02D8FC52420FB43005DECD6 /* Assets.xcassets */; };
		F02D8FC92420FB43005DECD6 /* LaunchScreen.storyboard in Resources */ = {isa = PBXBuildFile; fileRef = F02D8FC72420FB43005DECD6 /* LaunchScreen.storyboard */; };
		F02D8FD72420FDD0005DECD6 /* ServiceProvider.swift in Sources */ = {isa = PBXBuildFile; fileRef = F02D8FD62420FDD0005DECD6 /* ServiceProvider.swift */; };
		F02D8FDC2420FEBC005DECD6 /* Environment.swift in Sources */ = {isa = PBXBuildFile; fileRef = F02D8FDB2420FEBC005DECD6 /* Environment.swift */; };
		F02D8FDE2420FEC9005DECD6 /* HTTPError.swift in Sources */ = {isa = PBXBuildFile; fileRef = F02D8FDD2420FEC9005DECD6 /* HTTPError.swift */; };
		F02D8FE12420FEFF005DECD6 /* HTTPRequest.swift in Sources */ = {isa = PBXBuildFile; fileRef = F02D8FE02420FEFF005DECD6 /* HTTPRequest.swift */; };
		F02D8FE42420FF29005DECD6 /* ServiceInterface.swift in Sources */ = {isa = PBXBuildFile; fileRef = F02D8FE32420FF29005DECD6 /* ServiceInterface.swift */; };
		F02D8FE62420FF37005DECD6 /* HTTPServiceInterface.swift in Sources */ = {isa = PBXBuildFile; fileRef = F02D8FE52420FF37005DECD6 /* HTTPServiceInterface.swift */; };
		F02D8FE92420FF98005DECD6 /* Data.swift in Sources */ = {isa = PBXBuildFile; fileRef = F02D8FE82420FF98005DECD6 /* Data.swift */; };
		F02D8FED24210007005DECD6 /* StoryboardSupport.swift in Sources */ = {isa = PBXBuildFile; fileRef = F02D8FEC24210007005DECD6 /* StoryboardSupport.swift */; };
		F02D8FEF2421003C005DECD6 /* UIViewController.swift in Sources */ = {isa = PBXBuildFile; fileRef = F02D8FEE2421003C005DECD6 /* UIViewController.swift */; };
		F02D8FF12421007B005DECD6 /* UITableView+EmptyView.swift in Sources */ = {isa = PBXBuildFile; fileRef = F02D8FF02421007B005DECD6 /* UITableView+EmptyView.swift */; };
		F02D8FF6242101A5005DECD6 /* Exhange.storyboard in Resources */ = {isa = PBXBuildFile; fileRef = F02D8FF5242101A5005DECD6 /* Exhange.storyboard */; };
		F02D8FF8242101C2005DECD6 /* ExhangeRateViewController.swift in Sources */ = {isa = PBXBuildFile; fileRef = F02D8FF7242101C2005DECD6 /* ExhangeRateViewController.swift */; };
/* End PBXBuildFile section */

/* Begin PBXFileReference section */
		F02D8FB92420FB40005DECD6 /* exrater.app */ = {isa = PBXFileReference; explicitFileType = wrapper.application; includeInIndex = 0; path = exrater.app; sourceTree = BUILT_PRODUCTS_DIR; };
		F02D8FBC2420FB40005DECD6 /* AppDelegate.swift */ = {isa = PBXFileReference; lastKnownFileType = sourcecode.swift; path = AppDelegate.swift; sourceTree = "<group>"; };
		F02D8FBE2420FB40005DECD6 /* SceneDelegate.swift */ = {isa = PBXFileReference; lastKnownFileType = sourcecode.swift; path = SceneDelegate.swift; sourceTree = "<group>"; };
		F02D8FC52420FB43005DECD6 /* Assets.xcassets */ = {isa = PBXFileReference; lastKnownFileType = folder.assetcatalog; path = Assets.xcassets; sourceTree = "<group>"; };
		F02D8FC82420FB43005DECD6 /* Base */ = {isa = PBXFileReference; lastKnownFileType = file.storyboard; name = Base; path = Base.lproj/LaunchScreen.storyboard; sourceTree = "<group>"; };
		F02D8FCA2420FB43005DECD6 /* Info.plist */ = {isa = PBXFileReference; lastKnownFileType = text.plist.xml; path = Info.plist; sourceTree = "<group>"; };
		F02D8FD62420FDD0005DECD6 /* ServiceProvider.swift */ = {isa = PBXFileReference; lastKnownFileType = sourcecode.swift; path = ServiceProvider.swift; sourceTree = "<group>"; };
		F02D8FDB2420FEBC005DECD6 /* Environment.swift */ = {isa = PBXFileReference; lastKnownFileType = sourcecode.swift; path = Environment.swift; sourceTree = "<group>"; };
		F02D8FDD2420FEC9005DECD6 /* HTTPError.swift */ = {isa = PBXFileReference; lastKnownFileType = sourcecode.swift; path = HTTPError.swift; sourceTree = "<group>"; };
		F02D8FE02420FEFF005DECD6 /* HTTPRequest.swift */ = {isa = PBXFileReference; lastKnownFileType = sourcecode.swift; path = HTTPRequest.swift; sourceTree = "<group>"; };
		F02D8FE32420FF29005DECD6 /* ServiceInterface.swift */ = {isa = PBXFileReference; lastKnownFileType = sourcecode.swift; path = ServiceInterface.swift; sourceTree = "<group>"; };
		F02D8FE52420FF37005DECD6 /* HTTPServiceInterface.swift */ = {isa = PBXFileReference; lastKnownFileType = sourcecode.swift; path = HTTPServiceInterface.swift; sourceTree = "<group>"; };
		F02D8FE82420FF98005DECD6 /* Data.swift */ = {isa = PBXFileReference; lastKnownFileType = sourcecode.swift; path = Data.swift; sourceTree = "<group>"; };
		F02D8FEC24210007005DECD6 /* StoryboardSupport.swift */ = {isa = PBXFileReference; fileEncoding = 4; lastKnownFileType = sourcecode.swift; path = StoryboardSupport.swift; sourceTree = "<group>"; };
		F02D8FEE2421003C005DECD6 /* UIViewController.swift */ = {isa = PBXFileReference; lastKnownFileType = sourcecode.swift; path = UIViewController.swift; sourceTree = "<group>"; };
		F02D8FF02421007B005DECD6 /* UITableView+EmptyView.swift */ = {isa = PBXFileReference; lastKnownFileType = sourcecode.swift; path = "UITableView+EmptyView.swift"; sourceTree = "<group>"; };
		F02D8FF5242101A5005DECD6 /* Exhange.storyboard */ = {isa = PBXFileReference; lastKnownFileType = file.storyboard; path = Exhange.storyboard; sourceTree = "<group>"; };
		F02D8FF7242101C2005DECD6 /* ExhangeRateViewController.swift */ = {isa = PBXFileReference; lastKnownFileType = sourcecode.swift; path = ExhangeRateViewController.swift; sourceTree = "<group>"; };
/* End PBXFileReference section */

/* Begin PBXFrameworksBuildPhase section */
		F02D8FB62420FB40005DECD6 /* Frameworks */ = {
			isa = PBXFrameworksBuildPhase;
			buildActionMask = 2147483647;
			files = (
			);
			runOnlyForDeploymentPostprocessing = 0;
		};
/* End PBXFrameworksBuildPhase section */

/* Begin PBXGroup section */
		F02D8FB02420FB40005DECD6 = {
			isa = PBXGroup;
			children = (
				F02D8FBB2420FB40005DECD6 /* exrater */,
				F02D8FBA2420FB40005DECD6 /* Products */,
			);
			sourceTree = "<group>";
		};
		F02D8FBA2420FB40005DECD6 /* Products */ = {
			isa = PBXGroup;
			children = (
				F02D8FB92420FB40005DECD6 /* exrater.app */,
			);
			name = Products;
			sourceTree = "<group>";
		};
		F02D8FBB2420FB40005DECD6 /* exrater */ = {
			isa = PBXGroup;
			children = (
				F02D8FD02420FCB0005DECD6 /* Application Logic */,
				F02D8FD12420FCE0005DECD6 /* User Interface */,
				F02D8FEA2420FFC2005DECD6 /* Stories */,
				F02D8FF2242100D1005DECD6 /* ViewControllers */,
				F02D8FEB2420FFE8005DECD6 /* Extensions */,
				F02D8FF3242100E4005DECD6 /* Views */,
				F02D8FBC2420FB40005DECD6 /* AppDelegate.swift */,
				F02D8FBE2420FB40005DECD6 /* SceneDelegate.swift */,
				F02D8FC52420FB43005DECD6 /* Assets.xcassets */,
				F02D8FCA2420FB43005DECD6 /* Info.plist */,
			);
			path = exrater;
			sourceTree = "<group>";
		};
		F02D8FD02420FCB0005DECD6 /* Application Logic */ = {
			isa = PBXGroup;
			children = (
				F02D8FD22420FCF1005DECD6 /* Services */,
				F02D8FD32420FCF8005DECD6 /* Models */,
				F02D8FD52420FD25005DECD6 /* Layouts */,
				F02D8FD42420FD1C005DECD6 /* Extensions */,
			);
			path = "Application Logic";
			sourceTree = "<group>";
		};
		F02D8FD12420FCE0005DECD6 /* User Interface */ = {
			isa = PBXGroup;
			children = (
				F02D8FC72420FB43005DECD6 /* LaunchScreen.storyboard */,
			);
			path = "User Interface";
			sourceTree = "<group>";
		};
		F02D8FD22420FCF1005DECD6 /* Services */ = {
			isa = PBXGroup;
			children = (
				F02D8FD62420FDD0005DECD6 /* ServiceProvider.swift */,
				F02D8FD82420FDD4005DECD6 /* Network */,
			);
			path = Services;
			sourceTree = "<group>";
		};
		F02D8FD32420FCF8005DECD6 /* Models */ = {
			isa = PBXGroup;
			children = (
				F02D8FE72420FF76005DECD6 /* UI */,
			);
			path = Models;
			sourceTree = "<group>";
		};
		F02D8FD42420FD1C005DECD6 /* Extensions */ = {
			isa = PBXGroup;
			children = (
				F02D8FE82420FF98005DECD6 /* Data.swift */,
			);
			path = Extensions;
			sourceTree = "<group>";
		};
		F02D8FD52420FD25005DECD6 /* Layouts */ = {
			isa = PBXGroup;
			children = (
			);
			path = Layouts;
			sourceTree = "<group>";
		};
		F02D8FD82420FDD4005DECD6 /* Network */ = {
			isa = PBXGroup;
			children = (
				F02D8FD92420FDED005DECD6 /* Models */,
				F02D8FDA2420FE56005DECD6 /* Protocols */,
			);
			path = Network;
			sourceTree = "<group>";
		};
		F02D8FD92420FDED005DECD6 /* Models */ = {
			isa = PBXGroup;
			children = (
				F02D8FDB2420FEBC005DECD6 /* Environment.swift */,
				F02D8FDD2420FEC9005DECD6 /* HTTPError.swift */,
				F02D8FDF2420FED9005DECD6 /* Requests */,
			);
			path = Models;
			sourceTree = "<group>";
		};
		F02D8FDA2420FE56005DECD6 /* Protocols */ = {
			isa = PBXGroup;
			children = (
				F02D8FE02420FEFF005DECD6 /* HTTPRequest.swift */,
				F02D8FE22420FF13005DECD6 /* Interfaces */,
			);
			path = Protocols;
			sourceTree = "<group>";
		};
		F02D8FDF2420FED9005DECD6 /* Requests */ = {
			isa = PBXGroup;
			children = (
			);
			path = Requests;
			sourceTree = "<group>";
		};
		F02D8FE22420FF13005DECD6 /* Interfaces */ = {
			isa = PBXGroup;
			children = (
				F02D8FE32420FF29005DECD6 /* ServiceInterface.swift */,
				F02D8FE52420FF37005DECD6 /* HTTPServiceInterface.swift */,
			);
			path = Interfaces;
			sourceTree = "<group>";
		};
		F02D8FE72420FF76005DECD6 /* UI */ = {
			isa = PBXGroup;
			children = (
			);
			path = UI;
			sourceTree = "<group>";
		};
		F02D8FEA2420FFC2005DECD6 /* Stories */ = {
			isa = PBXGroup;
			children = (
				F02D8FF424210181005DECD6 /* Exchange */,
			);
			path = Stories;
			sourceTree = "<group>";
		};
		F02D8FEB2420FFE8005DECD6 /* Extensions */ = {
			isa = PBXGroup;
			children = (
				F02D8FEC24210007005DECD6 /* StoryboardSupport.swift */,
				F02D8FEE2421003C005DECD6 /* UIViewController.swift */,
				F02D8FF02421007B005DECD6 /* UITableView+EmptyView.swift */,
			);
			path = Extensions;
			sourceTree = "<group>";
		};
		F02D8FF2242100D1005DECD6 /* ViewControllers */ = {
			isa = PBXGroup;
			children = (
			);
			path = ViewControllers;
			sourceTree = "<group>";
		};
		F02D8FF3242100E4005DECD6 /* Views */ = {
			isa = PBXGroup;
			children = (
			);
			path = Views;
			sourceTree = "<group>";
		};
		F02D8FF424210181005DECD6 /* Exchange */ = {
			isa = PBXGroup;
			children = (
				F02D8FF5242101A5005DECD6 /* Exhange.storyboard */,
				F02D8FF7242101C2005DECD6 /* ExhangeRateViewController.swift */,
			);
			path = Exchange;
			sourceTree = "<group>";
		};
/* End PBXGroup section */

/* Begin PBXNativeTarget section */
		F02D8FB82420FB40005DECD6 /* exrater */ = {
			isa = PBXNativeTarget;
			buildConfigurationList = F02D8FCD2420FB43005DECD6 /* Build configuration list for PBXNativeTarget "exrater" */;
			buildPhases = (
				F02D8FB52420FB40005DECD6 /* Sources */,
				F02D8FB62420FB40005DECD6 /* Frameworks */,
				F02D8FB72420FB40005DECD6 /* Resources */,
			);
			buildRules = (
			);
			dependencies = (
			);
			name = exrater;
			productName = exrater;
			productReference = F02D8FB92420FB40005DECD6 /* exrater.app */;
			productType = "com.apple.product-type.application";
		};
/* End PBXNativeTarget section */

/* Begin PBXProject section */
		F02D8FB12420FB40005DECD6 /* Project object */ = {
			isa = PBXProject;
			attributes = {
				LastSwiftUpdateCheck = 1130;
				LastUpgradeCheck = 1130;
				ORGANIZATIONNAME = by;
				TargetAttributes = {
					F02D8FB82420FB40005DECD6 = {
						CreatedOnToolsVersion = 11.3.1;
					};
				};
			};
			buildConfigurationList = F02D8FB42420FB40005DECD6 /* Build configuration list for PBXProject "exrater" */;
			compatibilityVersion = "Xcode 9.3";
			developmentRegion = en;
			hasScannedForEncodings = 0;
			knownRegions = (
				en,
				Base,
			);
			mainGroup = F02D8FB02420FB40005DECD6;
			productRefGroup = F02D8FBA2420FB40005DECD6 /* Products */;
			projectDirPath = "";
			projectRoot = "";
			targets = (
				F02D8FB82420FB40005DECD6 /* exrater */,
			);
		};
/* End PBXProject section */

/* Begin PBXResourcesBuildPhase section */
		F02D8FB72420FB40005DECD6 /* Resources */ = {
			isa = PBXResourcesBuildPhase;
			buildActionMask = 2147483647;
			files = (
				F02D8FC92420FB43005DECD6 /* LaunchScreen.storyboard in Resources */,
				F02D8FF6242101A5005DECD6 /* Exhange.storyboard in Resources */,
				F02D8FC62420FB43005DECD6 /* Assets.xcassets in Resources */,
			);
			runOnlyForDeploymentPostprocessing = 0;
		};
/* End PBXResourcesBuildPhase section */

/* Begin PBXSourcesBuildPhase section */
		F02D8FB52420FB40005DECD6 /* Sources */ = {
			isa = PBXSourcesBuildPhase;
			buildActionMask = 2147483647;
			files = (
				F02D8FD72420FDD0005DECD6 /* ServiceProvider.swift in Sources */,
				F02D8FE92420FF98005DECD6 /* Data.swift in Sources */,
				F02D8FEF2421003C005DECD6 /* UIViewController.swift in Sources */,
				F02D8FF8242101C2005DECD6 /* ExhangeRateViewController.swift in Sources */,
				F02D8FBD2420FB40005DECD6 /* AppDelegate.swift in Sources */,
				F02D8FE42420FF29005DECD6 /* ServiceInterface.swift in Sources */,
				F02D8FE62420FF37005DECD6 /* HTTPServiceInterface.swift in Sources */,
				F02D8FBF2420FB40005DECD6 /* SceneDelegate.swift in Sources */,
				F02D8FE12420FEFF005DECD6 /* HTTPRequest.swift in Sources */,
				F02D8FED24210007005DECD6 /* StoryboardSupport.swift in Sources */,
				F02D8FF12421007B005DECD6 /* UITableView+EmptyView.swift in Sources */,
				F02D8FDE2420FEC9005DECD6 /* HTTPError.swift in Sources */,
				F02D8FDC2420FEBC005DECD6 /* Environment.swift in Sources */,
			);
			runOnlyForDeploymentPostprocessing = 0;
		};
/* End PBXSourcesBuildPhase section */

/* Begin PBXVariantGroup section */
		F02D8FC72420FB43005DECD6 /* LaunchScreen.storyboard */ = {
			isa = PBXVariantGroup;
			children = (
				F02D8FC82420FB43005DECD6 /* Base */,
			);
			name = LaunchScreen.storyboard;
			sourceTree = "<group>";
		};
/* End PBXVariantGroup section */

/* Begin XCBuildConfiguration section */
		F02D8FCB2420FB43005DECD6 /* Debug */ = {
			isa = XCBuildConfiguration;
			buildSettings = {
				ALWAYS_SEARCH_USER_PATHS = NO;
				CLANG_ANALYZER_NONNULL = YES;
				CLANG_ANALYZER_NUMBER_OBJECT_CONVERSION = YES_AGGRESSIVE;
				CLANG_CXX_LANGUAGE_STANDARD = "gnu++14";
				CLANG_CXX_LIBRARY = "libc++";
				CLANG_ENABLE_MODULES = YES;
				CLANG_ENABLE_OBJC_ARC = YES;
				CLANG_ENABLE_OBJC_WEAK = YES;
				CLANG_WARN_BLOCK_CAPTURE_AUTORELEASING = YES;
				CLANG_WARN_BOOL_CONVERSION = YES;
				CLANG_WARN_COMMA = YES;
				CLANG_WARN_CONSTANT_CONVERSION = YES;
				CLANG_WARN_DEPRECATED_OBJC_IMPLEMENTATIONS = YES;
				CLANG_WARN_DIRECT_OBJC_ISA_USAGE = YES_ERROR;
				CLANG_WARN_DOCUMENTATION_COMMENTS = YES;
				CLANG_WARN_EMPTY_BODY = YES;
				CLANG_WARN_ENUM_CONVERSION = YES;
				CLANG_WARN_INFINITE_RECURSION = YES;
				CLANG_WARN_INT_CONVERSION = YES;
				CLANG_WARN_NON_LITERAL_NULL_CONVERSION = YES;
				CLANG_WARN_OBJC_IMPLICIT_RETAIN_SELF = YES;
				CLANG_WARN_OBJC_LITERAL_CONVERSION = YES;
				CLANG_WARN_OBJC_ROOT_CLASS = YES_ERROR;
				CLANG_WARN_RANGE_LOOP_ANALYSIS = YES;
				CLANG_WARN_STRICT_PROTOTYPES = YES;
				CLANG_WARN_SUSPICIOUS_MOVE = YES;
				CLANG_WARN_UNGUARDED_AVAILABILITY = YES_AGGRESSIVE;
				CLANG_WARN_UNREACHABLE_CODE = YES;
				CLANG_WARN__DUPLICATE_METHOD_MATCH = YES;
				COPY_PHASE_STRIP = NO;
				DEBUG_INFORMATION_FORMAT = dwarf;
				ENABLE_STRICT_OBJC_MSGSEND = YES;
				ENABLE_TESTABILITY = YES;
				GCC_C_LANGUAGE_STANDARD = gnu11;
				GCC_DYNAMIC_NO_PIC = NO;
				GCC_NO_COMMON_BLOCKS = YES;
				GCC_OPTIMIZATION_LEVEL = 0;
				GCC_PREPROCESSOR_DEFINITIONS = (
					"DEBUG=1",
					"$(inherited)",
				);
				GCC_WARN_64_TO_32_BIT_CONVERSION = YES;
				GCC_WARN_ABOUT_RETURN_TYPE = YES_ERROR;
				GCC_WARN_UNDECLARED_SELECTOR = YES;
				GCC_WARN_UNINITIALIZED_AUTOS = YES_AGGRESSIVE;
				GCC_WARN_UNUSED_FUNCTION = YES;
				GCC_WARN_UNUSED_VARIABLE = YES;
				IPHONEOS_DEPLOYMENT_TARGET = 13.2;
				MTL_ENABLE_DEBUG_INFO = INCLUDE_SOURCE;
				MTL_FAST_MATH = YES;
				ONLY_ACTIVE_ARCH = YES;
				SDKROOT = iphoneos;
				SWIFT_ACTIVE_COMPILATION_CONDITIONS = DEBUG;
				SWIFT_OPTIMIZATION_LEVEL = "-Onone";
			};
			name = Debug;
		};
		F02D8FCC2420FB43005DECD6 /* Release */ = {
			isa = XCBuildConfiguration;
			buildSettings = {
				ALWAYS_SEARCH_USER_PATHS = NO;
				CLANG_ANALYZER_NONNULL = YES;
				CLANG_ANALYZER_NUMBER_OBJECT_CONVERSION = YES_AGGRESSIVE;
				CLANG_CXX_LANGUAGE_STANDARD = "gnu++14";
				CLANG_CXX_LIBRARY = "libc++";
				CLANG_ENABLE_MODULES = YES;
				CLANG_ENABLE_OBJC_ARC = YES;
				CLANG_ENABLE_OBJC_WEAK = YES;
				CLANG_WARN_BLOCK_CAPTURE_AUTORELEASING = YES;
				CLANG_WARN_BOOL_CONVERSION = YES;
				CLANG_WARN_COMMA = YES;
				CLANG_WARN_CONSTANT_CONVERSION = YES;
				CLANG_WARN_DEPRECATED_OBJC_IMPLEMENTATIONS = YES;
				CLANG_WARN_DIRECT_OBJC_ISA_USAGE = YES_ERROR;
				CLANG_WARN_DOCUMENTATION_COMMENTS = YES;
				CLANG_WARN_EMPTY_BODY = YES;
				CLANG_WARN_ENUM_CONVERSION = YES;
				CLANG_WARN_INFINITE_RECURSION = YES;
				CLANG_WARN_INT_CONVERSION = YES;
				CLANG_WARN_NON_LITERAL_NULL_CONVERSION = YES;
				CLANG_WARN_OBJC_IMPLICIT_RETAIN_SELF = YES;
				CLANG_WARN_OBJC_LITERAL_CONVERSION = YES;
				CLANG_WARN_OBJC_ROOT_CLASS = YES_ERROR;
				CLANG_WARN_RANGE_LOOP_ANALYSIS = YES;
				CLANG_WARN_STRICT_PROTOTYPES = YES;
				CLANG_WARN_SUSPICIOUS_MOVE = YES;
				CLANG_WARN_UNGUARDED_AVAILABILITY = YES_AGGRESSIVE;
				CLANG_WARN_UNREACHABLE_CODE = YES;
				CLANG_WARN__DUPLICATE_METHOD_MATCH = YES;
				COPY_PHASE_STRIP = NO;
				DEBUG_INFORMATION_FORMAT = "dwarf-with-dsym";
				ENABLE_NS_ASSERTIONS = NO;
				ENABLE_STRICT_OBJC_MSGSEND = YES;
				GCC_C_LANGUAGE_STANDARD = gnu11;
				GCC_NO_COMMON_BLOCKS = YES;
				GCC_WARN_64_TO_32_BIT_CONVERSION = YES;
				GCC_WARN_ABOUT_RETURN_TYPE = YES_ERROR;
				GCC_WARN_UNDECLARED_SELECTOR = YES;
				GCC_WARN_UNINITIALIZED_AUTOS = YES_AGGRESSIVE;
				GCC_WARN_UNUSED_FUNCTION = YES;
				GCC_WARN_UNUSED_VARIABLE = YES;
				IPHONEOS_DEPLOYMENT_TARGET = 13.2;
				MTL_ENABLE_DEBUG_INFO = NO;
				MTL_FAST_MATH = YES;
				SDKROOT = iphoneos;
				SWIFT_COMPILATION_MODE = wholemodule;
				SWIFT_OPTIMIZATION_LEVEL = "-O";
				VALIDATE_PRODUCT = YES;
			};
			name = Release;
		};
		F02D8FCE2420FB43005DECD6 /* Debug */ = {
			isa = XCBuildConfiguration;
			buildSettings = {
				ASSETCATALOG_COMPILER_APPICON_NAME = AppIcon;
				CODE_SIGN_STYLE = Automatic;
				DEVELOPMENT_TEAM = UC75P39KPM;
				INFOPLIST_FILE = exrater/Info.plist;
				LD_RUNPATH_SEARCH_PATHS = (
					"$(inherited)",
					"@executable_path/Frameworks",
				);
				PRODUCT_BUNDLE_IDENTIFIER = com.by.exrater;
				PRODUCT_NAME = "$(TARGET_NAME)";
				SWIFT_VERSION = 5.0;
				TARGETED_DEVICE_FAMILY = "1,2";
			};
			name = Debug;
		};
		F02D8FCF2420FB43005DECD6 /* Release */ = {
			isa = XCBuildConfiguration;
			buildSettings = {
				ASSETCATALOG_COMPILER_APPICON_NAME = AppIcon;
				CODE_SIGN_STYLE = Automatic;
				DEVELOPMENT_TEAM = UC75P39KPM;
				INFOPLIST_FILE = exrater/Info.plist;
				LD_RUNPATH_SEARCH_PATHS = (
					"$(inherited)",
					"@executable_path/Frameworks",
				);
				PRODUCT_BUNDLE_IDENTIFIER = com.by.exrater;
				PRODUCT_NAME = "$(TARGET_NAME)";
				SWIFT_VERSION = 5.0;
				TARGETED_DEVICE_FAMILY = "1,2";
			};
			name = Release;
		};
/* End XCBuildConfiguration section */

/* Begin XCConfigurationList section */
		F02D8FB42420FB40005DECD6 /* Build configuration list for PBXProject "exrater" */ = {
			isa = XCConfigurationList;
			buildConfigurations = (
				F02D8FCB2420FB43005DECD6 /* Debug */,
				F02D8FCC2420FB43005DECD6 /* Release */,
			);
			defaultConfigurationIsVisible = 0;
			defaultConfigurationName = Release;
		};
		F02D8FCD2420FB43005DECD6 /* Build configuration list for PBXNativeTarget "exrater" */ = {
			isa = XCConfigurationList;
			buildConfigurations = (
				F02D8FCE2420FB43005DECD6 /* Debug */,
				F02D8FCF2420FB43005DECD6 /* Release */,
			);
			defaultConfigurationIsVisible = 0;
			defaultConfigurationName = Release;
		};
/* End XCConfigurationList section */
	};
	rootObject = F02D8FB12420FB40005DECD6 /* Project object */;
}
